# Development lock for the VaultGate API.
#
# The production dependency graph is intentionally included from the runtime
# lock. Keep this file in sync when either pyproject.toml or requirements.lock
# changes; CI installs this file before the editable package itself.
-r requirements.lock

ast-serialize==0.6.0
bandit==1.9.4
boolean.py==5.0
cachecontrol==0.14.4
certifi==2026.6.17
charset-normalizer==3.4.9
coverage==7.15.2
cyclonedx-python-lib==11.11.0
defusedxml==0.7.1
filelock==3.31.2
httpcore==1.0.9
httpx==0.28.1
iniconfig==2.3.0
librt==0.13.0
license-expression==30.4.4
markdown-it-py==4.2.0
mdurl==0.1.2
msgpack==1.2.1
mypy==2.3.0
mypy-extensions==1.1.0
packageurl-python==0.17.6
packaging==26.2
pathspec==1.1.1
pip-api==0.0.34
pip-audit==2.10.1
pip-requirements-parser==32.0.1
platformdirs==4.10.1
pluggy==1.6.0
py-serializable==2.1.0
pygments==2.20.0
pyparsing==3.3.2
pytest==9.1.1
pytest-cov==7.1.0
pyyaml==6.0.3
requests==2.34.2
rich==15.0.0
ruff==0.15.22
sortedcontainers==2.4.0
stevedore==5.9.0
tomli==2.4.1
tomli-w==1.2.0
urllib3==2.7.0
